
Microsoft Visual Studio Solution File, Format Version 12.00
# Visual Studio 14
VisualStudioVersion = 14.0.25123.0
MinimumVisualStudioVersion = 10.0.40219.1
Project("{FAE04EC0-301F-11D3-BF4B-00C04F79EFBC}") = "CarouselFormsApp.Droid", "CarouselFormsApp\CarouselFormsApp.Droid\CarouselFormsApp.Droid.csproj", "{2594A55B-0CE0-457E-A26E-9C6F4BDBE673}"
EndProject
Project("{FAE04EC0-301F-11D3-BF4B-00C04F79EFBC}") = "CarouselFormsApp.iOS", "CarouselFormsApp\CarouselFormsApp.iOS\CarouselFormsApp.iOS.csproj", "{2D268256-E622-42D7-B941-C35076DB95DA}"
EndProject
Project("{FAE04EC0-301F-11D3-BF4B-00C04F79EFBC}") = "CarouselFormsApp.WinPhone", "CarouselFormsApp\CarouselFormsApp.WinPhone\CarouselFormsApp.WinPhone.csproj", "{153585DB-7A52-4E02-AE8C-4F07B36EC70B}"
EndProject
Project("{FAE04EC0-301F-11D3-BF4B-00C04F79EFBC}") = "CarouselFormsApp.Windows", "CarouselFormsApp\CarouselFormsApp.Windows\CarouselFormsApp.Windows.csproj", "{A0CAC761-E29A-4A5D-88E6-BF5476B965BE}"
EndProject
Project("{FAE04EC0-301F-11D3-BF4B-00C04F79EFBC}") = "CarouselFormsApp", "CarouselFormsApp\CarouselFormsApp\CarouselFormsApp.csproj", "{3311B8FB-16B0-48D8-B3D1-A7EAA28CD536}"
EndProject
Global
	GlobalSection(SolutionConfigurationPlatforms) = preSolution
		Ad-Hoc|Any CPU = Ad-Hoc|Any CPU
		Ad-Hoc|ARM = Ad-Hoc|ARM
		Ad-Hoc|iPhone = Ad-Hoc|iPhone
		Ad-Hoc|iPhoneSimulator = Ad-Hoc|iPhoneSimulator
		Ad-Hoc|x64 = Ad-Hoc|x64
		Ad-Hoc|x86 = Ad-Hoc|x86
		AppStore|Any CPU = AppStore|Any CPU
		AppStore|ARM = AppStore|ARM
		AppStore|iPhone = AppStore|iPhone
		AppStore|iPhoneSimulator = AppStore|iPhoneSimulator
		AppStore|x64 = AppStore|x64
		AppStore|x86 = AppStore|x86
		Debug|Any CPU = Debug|Any CPU
		Debug|ARM = Debug|ARM
		Debug|iPhone = Debug|iPhone
		Debug|iPhoneSimulator = Debug|iPhoneSimulator
		Debug|x64 = Debug|x64
		Debug|x86 = Debug|x86
		Release|Any CPU = Release|Any CPU
		Release|ARM = Release|ARM
		Release|iPhone = Release|iPhone
		Release|iPhoneSimulator = Release|iPhoneSimulator
		Release|x64 = Release|x64
		Release|x86 = Release|x86
	EndGlobalSection
	GlobalSection(ProjectConfigurationPlatforms) = postSolution
		{2594A55B-0CE0-457E-A26E-9C6F4BDBE673}.Ad-Hoc|Any CPU.ActiveCfg = Release|Any CPU
		{2594A55B-0CE0-457E-A26E-9C6F4BDBE673}.Ad-Hoc|Any CPU.Build.0 = Release|Any CPU
		{2594A55B-0CE0-457E-A26E-9C6F4BDBE673}.Ad-Hoc|Any CPU.Deploy.0 = Release|Any CPU
		{2594A55B-0CE0-457E-A26E-9C6F4BDBE673}.Ad-Hoc|ARM.ActiveCfg = Release|Any CPU
		{2594A55B-0CE0-457E-A26E-9C6F4BDBE673}.Ad-Hoc|ARM.Build.0 = Release|Any CPU
		{2594A55B-0CE0-457E-A26E-9C6F4BDBE673}.Ad-Hoc|ARM.Deploy.0 = Release|Any CPU
		{2594A55B-0CE0-457E-A26E-9C6F4BDBE673}.Ad-Hoc|iPhone.ActiveCfg = Release|Any CPU
		{2594A55B-0CE0-457E-A26E-9C6F4BDBE673}.Ad-Hoc|iPhone.Build.0 = Release|Any CPU
		{2594A55B-0CE0-457E-A26E-9C6F4BDBE673}.Ad-Hoc|iPhone.Deploy.0 = Release|Any CPU
		{2594A55B-0CE0-457E-A26E-9C6F4BDBE673}.Ad-Hoc|iPhoneSimulator.ActiveCfg = Release|Any CPU
		{2594A55B-0CE0-457E-A26E-9C6F4BDBE673}.Ad-Hoc|iPhoneSimulator.Build.0 = Release|Any CPU
		{2594A55B-0CE0-457E-A26E-9C6F4BDBE673}.Ad-Hoc|iPhoneSimulator.Deploy.0 = Release|Any CPU
		{2594A55B-0CE0-457E-A26E-9C6F4BDBE673}.Ad-Hoc|x64.ActiveCfg = Release|Any CPU
		{2594A55B-0CE0-457E-A26E-9C6F4BDBE673}.Ad-Hoc|x64.Build.0 = Release|Any CPU
		{2594A55B-0CE0-457E-A26E-9C6F4BDBE673}.Ad-Hoc|x64.Deploy.0 = Release|Any CPU
		{2594A55B-0CE0-457E-A26E-9C6F4BDBE673}.Ad-Hoc|x86.ActiveCfg = Release|Any CPU
		{2594A55B-0CE0-457E-A26E-9C6F4BDBE673}.Ad-Hoc|x86.Build.0 = Release|Any CPU
		{2594A55B-0CE0-457E-A26E-9C6F4BDBE673}.Ad-Hoc|x86.Deploy.0 = Release|Any CPU
		{2594A55B-0CE0-457E-A26E-9C6F4BDBE673}.AppStore|Any CPU.ActiveCfg = Release|Any CPU
		{2594A55B-0CE0-457E-A26E-9C6F4BDBE673}.AppStore|Any CPU.Build.0 = Release|Any CPU
		{2594A55B-0CE0-457E-A26E-9C6F4BDBE673}.AppStore|Any CPU.Deploy.0 = Release|Any CPU
		{2594A55B-0CE0-457E-A26E-9C6F4BDBE673}.AppStore|ARM.ActiveCfg = Release|Any CPU
		{2594A55B-0CE0-457E-A26E-9C6F4BDBE673}.AppStore|ARM.Build.0 = Release|Any CPU
		{2594A55B-0CE0-457E-A26E-9C6F4BDBE673}.AppStore|ARM.Deploy.0 = Release|Any CPU
		{2594A55B-0CE0-457E-A26E-9C6F4BDBE673}.AppStore|iPhone.ActiveCfg = Release|Any CPU
		{2594A55B-0CE0-457E-A26E-9C6F4BDBE673}.AppStore|iPhone.Build.0 = Release|Any CPU
		{2594A55B-0CE0-457E-A26E-9C6F4BDBE673}.AppStore|iPhone.Deploy.0 = Release|Any CPU
		{2594A55B-0CE0-457E-A26E-9C6F4BDBE673}.AppStore|iPhoneSimulator.ActiveCfg = Release|Any CPU
		{2594A55B-0CE0-457E-A26E-9C6F4BDBE673}.AppStore|iPhoneSimulator.Build.0 = Release|Any CPU
		{2594A55B-0CE0-457E-A26E-9C6F4BDBE673}.AppStore|iPhoneSimulator.Deploy.0 = Release|Any CPU
		{2594A55B-0CE0-457E-A26E-9C6F4BDBE673}.AppStore|x64.ActiveCfg = Release|Any CPU
		{2594A55B-0CE0-457E-A26E-9C6F4BDBE673}.AppStore|x64.Build.0 = Release|Any CPU
		{2594A55B-0CE0-457E-A26E-9C6F4BDBE673}.AppStore|x64.Deploy.0 = Release|Any CPU
		{2594A55B-0CE0-457E-A26E-9C6F4BDBE673}.AppStore|x86.ActiveCfg = Release|Any CPU
		{2594A55B-0CE0-457E-A26E-9C6F4BDBE673}.AppStore|x86.Build.0 = Release|Any CPU
		{2594A55B-0CE0-457E-A26E-9C6F4BDBE673}.AppStore|x86.Deploy.0 = Release|Any CPU
		{2594A55B-0CE0-457E-A26E-9C6F4BDBE673}.Debug|Any CPU.ActiveCfg = Debug|Any CPU
		{2594A55B-0CE0-457E-A26E-9C6F4BDBE673}.Debug|Any CPU.Build.0 = Debug|Any CPU
		{2594A55B-0CE0-457E-A26E-9C6F4BDBE673}.Debug|Any CPU.Deploy.0 = Debug|Any CPU
		{2594A55B-0CE0-457E-A26E-9C6F4BDBE673}.Debug|ARM.ActiveCfg = Debug|Any CPU
		{2594A55B-0CE0-457E-A26E-9C6F4BDBE673}.Debug|ARM.Build.0 = Debug|Any CPU
		{2594A55B-0CE0-457E-A26E-9C6F4BDBE673}.Debug|ARM.Deploy.0 = Debug|Any CPU
		{2594A55B-0CE0-457E-A26E-9C6F4BDBE673}.Debug|iPhone.ActiveCfg = Debug|Any CPU
		{2594A55B-0CE0-457E-A26E-9C6F4BDBE673}.Debug|iPhone.Build.0 = Debug|Any CPU
		{2594A55B-0CE0-457E-A26E-9C6F4BDBE673}.Debug|iPhone.Deploy.0 = Debug|Any CPU
		{2594A55B-0CE0-457E-A26E-9C6F4BDBE673}.Debug|iPhoneSimulator.ActiveCfg = Debug|Any CPU
		{2594A55B-0CE0-457E-A26E-9C6F4BDBE673}.Debug|iPhoneSimulator.Build.0 = Debug|Any CPU
		{2594A55B-0CE0-457E-A26E-9C6F4BDBE673}.Debug|iPhoneSimulator.Deploy.0 = Debug|Any CPU
		{2594A55B-0CE0-457E-A26E-9C6F4BDBE673}.Debug|x64.ActiveCfg = Debug|Any CPU
		{2594A55B-0CE0-457E-A26E-9C6F4BDBE673}.Debug|x64.Build.0 = Debug|Any CPU
		{2594A55B-0CE0-457E-A26E-9C6F4BDBE673}.Debug|x64.Deploy.0 = Debug|Any CPU
		{2594A55B-0CE0-457E-A26E-9C6F4BDBE673}.Debug|x86.ActiveCfg = Debug|Any CPU
		{2594A55B-0CE0-457E-A26E-9C6F4BDBE673}.Debug|x86.Build.0 = Debug|Any CPU
		{2594A55B-0CE0-457E-A26E-9C6F4BDBE673}.Debug|x86.Deploy.0 = Debug|Any CPU
		{2594A55B-0CE0-457E-A26E-9C6F4BDBE673}.Release|Any CPU.ActiveCfg = Release|Any CPU
		{2594A55B-0CE0-457E-A26E-9C6F4BDBE673}.Release|Any CPU.Build.0 = Release|Any CPU
		{2594A55B-0CE0-457E-A26E-9C6F4BDBE673}.Release|Any CPU.Deploy.0 = Release|Any CPU
		{2594A55B-0CE0-457E-A26E-9C6F4BDBE673}.Release|ARM.ActiveCfg = Release|Any CPU
		{2594A55B-0CE0-457E-A26E-9C6F4BDBE673}.Release|ARM.Build.0 = Release|Any CPU
		{2594A55B-0CE0-457E-A26E-9C6F4BDBE673}.Release|ARM.Deploy.0 = Release|Any CPU
		{2594A55B-0CE0-457E-A26E-9C6F4BDBE673}.Release|iPhone.ActiveCfg = Release|Any CPU
		{2594A55B-0CE0-457E-A26E-9C6F4BDBE673}.Release|iPhone.Build.0 = Release|Any CPU
		{2594A55B-0CE0-457E-A26E-9C6F4BDBE673}.Release|iPhone.Deploy.0 = Release|Any CPU
		{2594A55B-0CE0-457E-A26E-9C6F4BDBE673}.Release|iPhoneSimulator.ActiveCfg = Release|Any CPU
		{2594A55B-0CE0-457E-A26E-9C6F4BDBE673}.Release|iPhoneSimulator.Build.0 = Release|Any CPU
		{2594A55B-0CE0-457E-A26E-9C6F4BDBE673}.Release|iPhoneSimulator.Deploy.0 = Release|Any CPU
		{2594A55B-0CE0-457E-A26E-9C6F4BDBE673}.Release|x64.ActiveCfg = Release|Any CPU
		{2594A55B-0CE0-457E-A26E-9C6F4BDBE673}.Release|x64.Build.0 = Release|Any CPU
		{2594A55B-0CE0-457E-A26E-9C6F4BDBE673}.Release|x64.Deploy.0 = Release|Any CPU
		{2594A55B-0CE0-457E-A26E-9C6F4BDBE673}.Release|x86.ActiveCfg = Release|Any CPU
		{2594A55B-0CE0-457E-A26E-9C6F4BDBE673}.Release|x86.Build.0 = Release|Any CPU
		{2594A55B-0CE0-457E-A26E-9C6F4BDBE673}.Release|x86.Deploy.0 = Release|Any CPU
		{2D268256-E622-42D7-B941-C35076DB95DA}.Ad-Hoc|Any CPU.ActiveCfg = Ad-Hoc|iPhone
		{2D268256-E622-42D7-B941-C35076DB95DA}.Ad-Hoc|ARM.ActiveCfg = Ad-Hoc|iPhone
		{2D268256-E622-42D7-B941-C35076DB95DA}.Ad-Hoc|iPhone.ActiveCfg = Ad-Hoc|iPhone
		{2D268256-E622-42D7-B941-C35076DB95DA}.Ad-Hoc|iPhone.Build.0 = Ad-Hoc|iPhone
		{2D268256-E622-42D7-B941-C35076DB95DA}.Ad-Hoc|iPhoneSimulator.ActiveCfg = Ad-Hoc|iPhoneSimulator
		{2D268256-E622-42D7-B941-C35076DB95DA}.Ad-Hoc|iPhoneSimulator.Build.0 = Ad-Hoc|iPhoneSimulator
		{2D268256-E622-42D7-B941-C35076DB95DA}.Ad-Hoc|x64.ActiveCfg = Ad-Hoc|iPhone
		{2D268256-E622-42D7-B941-C35076DB95DA}.Ad-Hoc|x86.ActiveCfg = Ad-Hoc|iPhone
		{2D268256-E622-42D7-B941-C35076DB95DA}.AppStore|Any CPU.ActiveCfg = AppStore|iPhone
		{2D268256-E622-42D7-B941-C35076DB95DA}.AppStore|ARM.ActiveCfg = AppStore|iPhone
		{2D268256-E622-42D7-B941-C35076DB95DA}.AppStore|iPhone.ActiveCfg = AppStore|iPhone
		{2D268256-E622-42D7-B941-C35076DB95DA}.AppStore|iPhone.Build.0 = AppStore|iPhone
		{2D268256-E622-42D7-B941-C35076DB95DA}.AppStore|iPhoneSimulator.ActiveCfg = AppStore|iPhoneSimulator
		{2D268256-E622-42D7-B941-C35076DB95DA}.AppStore|iPhoneSimulator.Build.0 = AppStore|iPhoneSimulator
		{2D268256-E622-42D7-B941-C35076DB95DA}.AppStore|x64.ActiveCfg = AppStore|iPhone
		{2D268256-E622-42D7-B941-C35076DB95DA}.AppStore|x86.ActiveCfg = AppStore|iPhone
		{2D268256-E622-42D7-B941-C35076DB95DA}.Debug|Any CPU.ActiveCfg = Debug|iPhone
		{2D268256-E622-42D7-B941-C35076DB95DA}.Debug|ARM.ActiveCfg = Debug|iPhone
		{2D268256-E622-42D7-B941-C35076DB95DA}.Debug|iPhone.ActiveCfg = Debug|iPhone
		{2D268256-E622-42D7-B941-C35076DB95DA}.Debug|iPhone.Build.0 = Debug|iPhone
		{2D268256-E622-42D7-B941-C35076DB95DA}.Debug|iPhoneSimulator.ActiveCfg = Debug|iPhoneSimulator
		{2D268256-E622-42D7-B941-C35076DB95DA}.Debug|iPhoneSimulator.Build.0 = Debug|iPhoneSimulator
		{2D268256-E622-42D7-B941-C35076DB95DA}.Debug|x64.ActiveCfg = Debug|iPhone
		{2D268256-E622-42D7-B941-C35076DB95DA}.Debug|x86.ActiveCfg = Debug|iPhone
		{2D268256-E622-42D7-B941-C35076DB95DA}.Release|Any CPU.ActiveCfg = Release|iPhone
		{2D268256-E622-42D7-B941-C35076DB95DA}.Release|ARM.ActiveCfg = Release|iPhone
		{2D268256-E622-42D7-B941-C35076DB95DA}.Release|iPhone.ActiveCfg = Release|iPhone
		{2D268256-E622-42D7-B941-C35076DB95DA}.Release|iPhone.Build.0 = Release|iPhone
		{2D268256-E622-42D7-B941-C35076DB95DA}.Release|iPhoneSimulator.ActiveCfg = Release|iPhoneSimulator
		{2D268256-E622-42D7-B941-C35076DB95DA}.Release|iPhoneSimulator.Build.0 = Release|iPhoneSimulator
		{2D268256-E622-42D7-B941-C35076DB95DA}.Release|x64.ActiveCfg = Release|iPhone
		{2D268256-E622-42D7-B941-C35076DB95DA}.Release|x86.ActiveCfg = Release|iPhone
		{153585DB-7A52-4E02-AE8C-4F07B36EC70B}.Ad-Hoc|Any CPU.ActiveCfg = Release|Any CPU
		{153585DB-7A52-4E02-AE8C-4F07B36EC70B}.Ad-Hoc|Any CPU.Build.0 = Release|Any CPU
		{153585DB-7A52-4E02-AE8C-4F07B36EC70B}.Ad-Hoc|Any CPU.Deploy.0 = Release|Any CPU
		{153585DB-7A52-4E02-AE8C-4F07B36EC70B}.Ad-Hoc|ARM.ActiveCfg = Release|ARM
		{153585DB-7A52-4E02-AE8C-4F07B36EC70B}.Ad-Hoc|ARM.Build.0 = Release|ARM
		{153585DB-7A52-4E02-AE8C-4F07B36EC70B}.Ad-Hoc|ARM.Deploy.0 = Release|ARM
		{153585DB-7A52-4E02-AE8C-4F07B36EC70B}.Ad-Hoc|iPhone.ActiveCfg = Release|Any CPU
		{153585DB-7A52-4E02-AE8C-4F07B36EC70B}.Ad-Hoc|iPhone.Build.0 = Release|Any CPU
		{153585DB-7A52-4E02-AE8C-4F07B36EC70B}.Ad-Hoc|iPhone.Deploy.0 = Release|Any CPU
		{153585DB-7A52-4E02-AE8C-4F07B36EC70B}.Ad-Hoc|iPhoneSimulator.ActiveCfg = Release|Any CPU
		{153585DB-7A52-4E02-AE8C-4F07B36EC70B}.Ad-Hoc|iPhoneSimulator.Build.0 = Release|Any CPU
		{153585DB-7A52-4E02-AE8C-4F07B36EC70B}.Ad-Hoc|iPhoneSimulator.Deploy.0 = Release|Any CPU
		{153585DB-7A52-4E02-AE8C-4F07B36EC70B}.Ad-Hoc|x64.ActiveCfg = Release|Any CPU
		{153585DB-7A52-4E02-AE8C-4F07B36EC70B}.Ad-Hoc|x64.Build.0 = Release|Any CPU
		{153585DB-7A52-4E02-AE8C-4F07B36EC70B}.Ad-Hoc|x64.Deploy.0 = Release|Any CPU
		{153585DB-7A52-4E02-AE8C-4F07B36EC70B}.Ad-Hoc|x86.ActiveCfg = Release|x86
		{153585DB-7A52-4E02-AE8C-4F07B36EC70B}.Ad-Hoc|x86.Build.0 = Release|x86
		{153585DB-7A52-4E02-AE8C-4F07B36EC70B}.Ad-Hoc|x86.Deploy.0 = Release|x86
		{153585DB-7A52-4E02-AE8C-4F07B36EC70B}.AppStore|Any CPU.ActiveCfg = Release|Any CPU
		{153585DB-7A52-4E02-AE8C-4F07B36EC70B}.AppStore|Any CPU.Build.0 = Release|Any CPU
		{153585DB-7A52-4E02-AE8C-4F07B36EC70B}.AppStore|Any CPU.Deploy.0 = Release|Any CPU
		{153585DB-7A52-4E02-AE8C-4F07B36EC70B}.AppStore|ARM.ActiveCfg = Release|ARM
		{153585DB-7A52-4E02-AE8C-4F07B36EC70B}.AppStore|ARM.Build.0 = Release|ARM
		{153585DB-7A52-4E02-AE8C-4F07B36EC70B}.AppStore|ARM.Deploy.0 = Release|ARM
		{153585DB-7A52-4E02-AE8C-4F07B36EC70B}.AppStore|iPhone.ActiveCfg = Release|Any CPU
		{153585DB-7A52-4E02-AE8C-4F07B36EC70B}.AppStore|iPhone.Build.0 = Release|Any CPU
		{153585DB-7A52-4E02-AE8C-4F07B36EC70B}.AppStore|iPhone.Deploy.0 = Release|Any CPU
		{153585DB-7A52-4E02-AE8C-4F07B36EC70B}.AppStore|iPhoneSimulator.ActiveCfg = Release|Any CPU
		{153585DB-7A52-4E02-AE8C-4F07B36EC70B}.AppStore|iPhoneSimulator.Build.0 = Release|Any CPU
		{153585DB-7A52-4E02-AE8C-4F07B36EC70B}.AppStore|iPhoneSimulator.Deploy.0 = Release|Any CPU
		{153585DB-7A52-4E02-AE8C-4F07B36EC70B}.AppStore|x64.ActiveCfg = Release|Any CPU
		{153585DB-7A52-4E02-AE8C-4F07B36EC70B}.AppStore|x64.Build.0 = Release|Any CPU
		{153585DB-7A52-4E02-AE8C-4F07B36EC70B}.AppStore|x64.Deploy.0 = Release|Any CPU
		{153585DB-7A52-4E02-AE8C-4F07B36EC70B}.AppStore|x86.ActiveCfg = Release|x86
		{153585DB-7A52-4E02-AE8C-4F07B36EC70B}.AppStore|x86.Build.0 = Release|x86
		{153585DB-7A52-4E02-AE8C-4F07B36EC70B}.AppStore|x86.Deploy.0 = Release|x86
		{153585DB-7A52-4E02-AE8C-4F07B36EC70B}.Debug|Any CPU.ActiveCfg = Debug|Any CPU
		{153585DB-7A52-4E02-AE8C-4F07B36EC70B}.Debug|Any CPU.Build.0 = Debug|Any CPU
		{153585DB-7A52-4E02-AE8C-4F07B36EC70B}.Debug|Any CPU.Deploy.0 = Debug|Any CPU
		{153585DB-7A52-4E02-AE8C-4F07B36EC70B}.Debug|ARM.ActiveCfg = Debug|ARM
		{153585DB-7A52-4E02-AE8C-4F07B36EC70B}.Debug|ARM.Build.0 = Debug|ARM
		{153585DB-7A52-4E02-AE8C-4F07B36EC70B}.Debug|ARM.Deploy.0 = Debug|ARM
		{153585DB-7A52-4E02-AE8C-4F07B36EC70B}.Debug|iPhone.ActiveCfg = Debug|Any CPU
		{153585DB-7A52-4E02-AE8C-4F07B36EC70B}.Debug|iPhone.Build.0 = Debug|Any CPU
		{153585DB-7A52-4E02-AE8C-4F07B36EC70B}.Debug|iPhone.Deploy.0 = Debug|Any CPU
		{153585DB-7A52-4E02-AE8C-4F07B36EC70B}.Debug|iPhoneSimulator.ActiveCfg = Debug|Any CPU
		{153585DB-7A52-4E02-AE8C-4F07B36EC70B}.Debug|iPhoneSimulator.Build.0 = Debug|Any CPU
		{153585DB-7A52-4E02-AE8C-4F07B36EC70B}.Debug|iPhoneSimulator.Deploy.0 = Debug|Any CPU
		{153585DB-7A52-4E02-AE8C-4F07B36EC70B}.Debug|x64.ActiveCfg = Debug|Any CPU
		{153585DB-7A52-4E02-AE8C-4F07B36EC70B}.Debug|x64.Build.0 = Debug|Any CPU
		{153585DB-7A52-4E02-AE8C-4F07B36EC70B}.Debug|x64.Deploy.0 = Debug|Any CPU
		{153585DB-7A52-4E02-AE8C-4F07B36EC70B}.Debug|x86.ActiveCfg = Debug|x86
		{153585DB-7A52-4E02-AE8C-4F07B36EC70B}.Debug|x86.Build.0 = Debug|x86
		{153585DB-7A52-4E02-AE8C-4F07B36EC70B}.Debug|x86.Deploy.0 = Debug|x86
		{153585DB-7A52-4E02-AE8C-4F07B36EC70B}.Release|Any CPU.ActiveCfg = Release|Any CPU
		{153585DB-7A52-4E02-AE8C-4F07B36EC70B}.Release|Any CPU.Build.0 = Release|Any CPU
		{153585DB-7A52-4E02-AE8C-4F07B36EC70B}.Release|Any CPU.Deploy.0 = Release|Any CPU
		{153585DB-7A52-4E02-AE8C-4F07B36EC70B}.Release|ARM.ActiveCfg = Release|ARM
		{153585DB-7A52-4E02-AE8C-4F07B36EC70B}.Release|ARM.Build.0 = Release|ARM
		{153585DB-7A52-4E02-AE8C-4F07B36EC70B}.Release|ARM.Deploy.0 = Release|ARM
		{153585DB-7A52-4E02-AE8C-4F07B36EC70B}.Release|iPhone.ActiveCfg = Release|Any CPU
		{153585DB-7A52-4E02-AE8C-4F07B36EC70B}.Release|iPhone.Build.0 = Release|Any CPU
		{153585DB-7A52-4E02-AE8C-4F07B36EC70B}.Release|iPhone.Deploy.0 = Release|Any CPU
		{153585DB-7A52-4E02-AE8C-4F07B36EC70B}.Release|iPhoneSimulator.ActiveCfg = Release|Any CPU
		{153585DB-7A52-4E02-AE8C-4F07B36EC70B}.Release|iPhoneSimulator.Build.0 = Release|Any CPU
		{153585DB-7A52-4E02-AE8C-4F07B36EC70B}.Release|iPhoneSimulator.Deploy.0 = Release|Any CPU
		{153585DB-7A52-4E02-AE8C-4F07B36EC70B}.Release|x64.ActiveCfg = Release|Any CPU
		{153585DB-7A52-4E02-AE8C-4F07B36EC70B}.Release|x64.Build.0 = Release|Any CPU
		{153585DB-7A52-4E02-AE8C-4F07B36EC70B}.Release|x64.Deploy.0 = Release|Any CPU
		{153585DB-7A52-4E02-AE8C-4F07B36EC70B}.Release|x86.ActiveCfg = Release|x86
		{153585DB-7A52-4E02-AE8C-4F07B36EC70B}.Release|x86.Build.0 = Release|x86
		{153585DB-7A52-4E02-AE8C-4F07B36EC70B}.Release|x86.Deploy.0 = Release|x86
		{A0CAC761-E29A-4A5D-88E6-BF5476B965BE}.Ad-Hoc|Any CPU.ActiveCfg = Release|Any CPU
		{A0CAC761-E29A-4A5D-88E6-BF5476B965BE}.Ad-Hoc|Any CPU.Build.0 = Release|Any CPU
		{A0CAC761-E29A-4A5D-88E6-BF5476B965BE}.Ad-Hoc|Any CPU.Deploy.0 = Release|Any CPU
		{A0CAC761-E29A-4A5D-88E6-BF5476B965BE}.Ad-Hoc|ARM.ActiveCfg = Release|ARM
		{A0CAC761-E29A-4A5D-88E6-BF5476B965BE}.Ad-Hoc|ARM.Build.0 = Release|ARM
		{A0CAC761-E29A-4A5D-88E6-BF5476B965BE}.Ad-Hoc|ARM.Deploy.0 = Release|ARM
		{A0CAC761-E29A-4A5D-88E6-BF5476B965BE}.Ad-Hoc|iPhone.ActiveCfg = Release|Any CPU
		{A0CAC761-E29A-4A5D-88E6-BF5476B965BE}.Ad-Hoc|iPhone.Build.0 = Release|Any CPU
		{A0CAC761-E29A-4A5D-88E6-BF5476B965BE}.Ad-Hoc|iPhone.Deploy.0 = Release|Any CPU
		{A0CAC761-E29A-4A5D-88E6-BF5476B965BE}.Ad-Hoc|iPhoneSimulator.ActiveCfg = Release|Any CPU
		{A0CAC761-E29A-4A5D-88E6-BF5476B965BE}.Ad-Hoc|iPhoneSimulator.Build.0 = Release|Any CPU
		{A0CAC761-E29A-4A5D-88E6-BF5476B965BE}.Ad-Hoc|iPhoneSimulator.Deploy.0 = Release|Any CPU
		{A0CAC761-E29A-4A5D-88E6-BF5476B965BE}.Ad-Hoc|x64.ActiveCfg = Release|x64
		{A0CAC761-E29A-4A5D-88E6-BF5476B965BE}.Ad-Hoc|x64.Build.0 = Release|x64
		{A0CAC761-E29A-4A5D-88E6-BF5476B965BE}.Ad-Hoc|x64.Deploy.0 = Release|x64
		{A0CAC761-E29A-4A5D-88E6-BF5476B965BE}.Ad-Hoc|x86.ActiveCfg = Release|x86
		{A0CAC761-E29A-4A5D-88E6-BF5476B965BE}.Ad-Hoc|x86.Build.0 = Release|x86
		{A0CAC761-E29A-4A5D-88E6-BF5476B965BE}.Ad-Hoc|x86.Deploy.0 = Release|x86
		{A0CAC761-E29A-4A5D-88E6-BF5476B965BE}.AppStore|Any CPU.ActiveCfg = Release|Any CPU
		{A0CAC761-E29A-4A5D-88E6-BF5476B965BE}.AppStore|Any CPU.Build.0 = Release|Any CPU
		{A0CAC761-E29A-4A5D-88E6-BF5476B965BE}.AppStore|Any CPU.Deploy.0 = Release|Any CPU
		{A0CAC761-E29A-4A5D-88E6-BF5476B965BE}.AppStore|ARM.ActiveCfg = Release|ARM
		{A0CAC761-E29A-4A5D-88E6-BF5476B965BE}.AppStore|ARM.Build.0 = Release|ARM
		{A0CAC761-E29A-4A5D-88E6-BF5476B965BE}.AppStore|ARM.Deploy.0 = Release|ARM
		{A0CAC761-E29A-4A5D-88E6-BF5476B965BE}.AppStore|iPhone.ActiveCfg = Release|Any CPU
		{A0CAC761-E29A-4A5D-88E6-BF5476B965BE}.AppStore|iPhone.Build.0 = Release|Any CPU
		{A0CAC761-E29A-4A5D-88E6-BF5476B965BE}.AppStore|iPhone.Deploy.0 = Release|Any CPU
		{A0CAC761-E29A-4A5D-88E6-BF5476B965BE}.AppStore|iPhoneSimulator.ActiveCfg = Release|Any CPU
		{A0CAC761-E29A-4A5D-88E6-BF5476B965BE}.AppStore|iPhoneSimulator.Build.0 = Release|Any CPU
		{A0CAC761-E29A-4A5D-88E6-BF5476B965BE}.AppStore|iPhoneSimulator.Deploy.0 = Release|Any CPU
		{A0CAC761-E29A-4A5D-88E6-BF5476B965BE}.AppStore|x64.ActiveCfg = Release|x64
		{A0CAC761-E29A-4A5D-88E6-BF5476B965BE}.AppStore|x64.Build.0 = Release|x64
		{A0CAC761-E29A-4A5D-88E6-BF5476B965BE}.AppStore|x64.Deploy.0 = Release|x64
		{A0CAC761-E29A-4A5D-88E6-BF5476B965BE}.AppStore|x86.ActiveCfg = Release|x86
		{A0CAC761-E29A-4A5D-88E6-BF5476B965BE}.AppStore|x86.Build.0 = Release|x86
		{A0CAC761-E29A-4A5D-88E6-BF5476B965BE}.AppStore|x86.Deploy.0 = Release|x86
		{A0CAC761-E29A-4A5D-88E6-BF5476B965BE}.Debug|Any CPU.ActiveCfg = Debug|Any CPU
		{A0CAC761-E29A-4A5D-88E6-BF5476B965BE}.Debug|Any CPU.Build.0 = Debug|Any CPU
		{A0CAC761-E29A-4A5D-88E6-BF5476B965BE}.Debug|Any CPU.Deploy.0 = Debug|Any CPU
		{A0CAC761-E29A-4A5D-88E6-BF5476B965BE}.Debug|ARM.ActiveCfg = Debug|ARM
		{A0CAC761-E29A-4A5D-88E6-BF5476B965BE}.Debug|ARM.Build.0 = Debug|ARM
		{A0CAC761-E29A-4A5D-88E6-BF5476B965BE}.Debug|ARM.Deploy.0 = Debug|ARM
		{A0CAC761-E29A-4A5D-88E6-BF5476B965BE}.Debug|iPhone.ActiveCfg = Debug|Any CPU
		{A0CAC761-E29A-4A5D-88E6-BF5476B965BE}.Debug|iPhone.Build.0 = Debug|Any CPU
		{A0CAC761-E29A-4A5D-88E6-BF5476B965BE}.Debug|iPhone.Deploy.0 = Debug|Any CPU
		{A0CAC761-E29A-4A5D-88E6-BF5476B965BE}.Debug|iPhoneSimulator.ActiveCfg = Debug|Any CPU
		{A0CAC761-E29A-4A5D-88E6-BF5476B965BE}.Debug|iPhoneSimulator.Build.0 = Debug|Any CPU
		{A0CAC761-E29A-4A5D-88E6-BF5476B965BE}.Debug|iPhoneSimulator.Deploy.0 = Debug|Any CPU
		{A0CAC761-E29A-4A5D-88E6-BF5476B965BE}.Debug|x64.ActiveCfg = Debug|x64
		{A0CAC761-E29A-4A5D-88E6-BF5476B965BE}.Debug|x64.Build.0 = Debug|x64
		{A0CAC761-E29A-4A5D-88E6-BF5476B965BE}.Debug|x64.Deploy.0 = Debug|x64
		{A0CAC761-E29A-4A5D-88E6-BF5476B965BE}.Debug|x86.ActiveCfg = Debug|x86
		{A0CAC761-E29A-4A5D-88E6-BF5476B965BE}.Debug|x86.Build.0 = Debug|x86
		{A0CAC761-E29A-4A5D-88E6-BF5476B965BE}.Debug|x86.Deploy.0 = Debug|x86
		{A0CAC761-E29A-4A5D-88E6-BF5476B965BE}.Release|Any CPU.ActiveCfg = Release|Any CPU
		{A0CAC761-E29A-4A5D-88E6-BF5476B965BE}.Release|Any CPU.Build.0 = Release|Any CPU
		{A0CAC761-E29A-4A5D-88E6-BF5476B965BE}.Release|Any CPU.Deploy.0 = Release|Any CPU
		{A0CAC761-E29A-4A5D-88E6-BF5476B965BE}.Release|ARM.ActiveCfg = Release|ARM
		{A0CAC761-E29A-4A5D-88E6-BF5476B965BE}.Release|ARM.Build.0 = Release|ARM
		{A0CAC761-E29A-4A5D-88E6-BF5476B965BE}.Release|ARM.Deploy.0 = Release|ARM
		{A0CAC761-E29A-4A5D-88E6-BF5476B965BE}.Release|iPhone.ActiveCfg = Release|Any CPU
		{A0CAC761-E29A-4A5D-88E6-BF5476B965BE}.Release|iPhone.Build.0 = Release|Any CPU
		{A0CAC761-E29A-4A5D-88E6-BF5476B965BE}.Release|iPhone.Deploy.0 = Release|Any CPU
		{A0CAC761-E29A-4A5D-88E6-BF5476B965BE}.Release|iPhoneSimulator.ActiveCfg = Release|Any CPU
		{A0CAC761-E29A-4A5D-88E6-BF5476B965BE}.Release|iPhoneSimulator.Build.0 = Release|Any CPU
		{A0CAC761-E29A-4A5D-88E6-BF5476B965BE}.Release|iPhoneSimulator.Deploy.0 = Release|Any CPU
		{A0CAC761-E29A-4A5D-88E6-BF5476B965BE}.Release|x64.ActiveCfg = Release|x64
		{A0CAC761-E29A-4A5D-88E6-BF5476B965BE}.Release|x64.Build.0 = Release|x64
		{A0CAC761-E29A-4A5D-88E6-BF5476B965BE}.Release|x64.Deploy.0 = Release|x64
		{A0CAC761-E29A-4A5D-88E6-BF5476B965BE}.Release|x86.ActiveCfg = Release|x86
		{A0CAC761-E29A-4A5D-88E6-BF5476B965BE}.Release|x86.Build.0 = Release|x86
		{A0CAC761-E29A-4A5D-88E6-BF5476B965BE}.Release|x86.Deploy.0 = Release|x86
		{3311B8FB-16B0-48D8-B3D1-A7EAA28CD536}.Ad-Hoc|Any CPU.ActiveCfg = Release|Any CPU
		{3311B8FB-16B0-48D8-B3D1-A7EAA28CD536}.Ad-Hoc|Any CPU.Build.0 = Release|Any CPU
		{3311B8FB-16B0-48D8-B3D1-A7EAA28CD536}.Ad-Hoc|ARM.ActiveCfg = Release|Any CPU
		{3311B8FB-16B0-48D8-B3D1-A7EAA28CD536}.Ad-Hoc|ARM.Build.0 = Release|Any CPU
		{3311B8FB-16B0-48D8-B3D1-A7EAA28CD536}.Ad-Hoc|iPhone.ActiveCfg = Release|Any CPU
		{3311B8FB-16B0-48D8-B3D1-A7EAA28CD536}.Ad-Hoc|iPhone.Build.0 = Release|Any CPU
		{3311B8FB-16B0-48D8-B3D1-A7EAA28CD536}.Ad-Hoc|iPhoneSimulator.ActiveCfg = Release|Any CPU
		{3311B8FB-16B0-48D8-B3D1-A7EAA28CD536}.Ad-Hoc|iPhoneSimulator.Build.0 = Release|Any CPU
		{3311B8FB-16B0-48D8-B3D1-A7EAA28CD536}.Ad-Hoc|x64.ActiveCfg = Release|Any CPU
		{3311B8FB-16B0-48D8-B3D1-A7EAA28CD536}.Ad-Hoc|x64.Build.0 = Release|Any CPU
		{3311B8FB-16B0-48D8-B3D1-A7EAA28CD536}.Ad-Hoc|x86.ActiveCfg = Release|Any CPU
		{3311B8FB-16B0-48D8-B3D1-A7EAA28CD536}.Ad-Hoc|x86.Build.0 = Release|Any CPU
		{3311B8FB-16B0-48D8-B3D1-A7EAA28CD536}.AppStore|Any CPU.ActiveCfg = Release|Any CPU
		{3311B8FB-16B0-48D8-B3D1-A7EAA28CD536}.AppStore|Any CPU.Build.0 = Release|Any CPU
		{3311B8FB-16B0-48D8-B3D1-A7EAA28CD536}.AppStore|ARM.ActiveCfg = Release|Any CPU
		{3311B8FB-16B0-48D8-B3D1-A7EAA28CD536}.AppStore|ARM.Build.0 = Release|Any CPU
		{3311B8FB-16B0-48D8-B3D1-A7EAA28CD536}.AppStore|iPhone.ActiveCfg = Release|Any CPU
		{3311B8FB-16B0-48D8-B3D1-A7EAA28CD536}.AppStore|iPhone.Build.0 = Release|Any CPU
		{3311B8FB-16B0-48D8-B3D1-A7EAA28CD536}.AppStore|iPhoneSimulator.ActiveCfg = Release|Any CPU
		{3311B8FB-16B0-48D8-B3D1-A7EAA28CD536}.AppStore|iPhoneSimulator.Build.0 = Release|Any CPU
		{3311B8FB-16B0-48D8-B3D1-A7EAA28CD536}.AppStore|x64.ActiveCfg = Release|Any CPU
		{3311B8FB-16B0-48D8-B3D1-A7EAA28CD536}.AppStore|x64.Build.0 = Release|Any CPU
		{3311B8FB-16B0-48D8-B3D1-A7EAA28CD536}.AppStore|x86.ActiveCfg = Release|Any CPU
		{3311B8FB-16B0-48D8-B3D1-A7EAA28CD536}.AppStore|x86.Build.0 = Release|Any CPU
		{3311B8FB-16B0-48D8-B3D1-A7EAA28CD536}.Debug|Any CPU.ActiveCfg = Debug|Any CPU
		{3311B8FB-16B0-48D8-B3D1-A7EAA28CD536}.Debug|Any CPU.Build.0 = Debug|Any CPU
		{3311B8FB-16B0-48D8-B3D1-A7EAA28CD536}.Debug|ARM.ActiveCfg = Debug|Any CPU
		{3311B8FB-16B0-48D8-B3D1-A7EAA28CD536}.Debug|ARM.Build.0 = Debug|Any CPU
		{3311B8FB-16B0-48D8-B3D1-A7EAA28CD536}.Debug|iPhone.ActiveCfg = Debug|Any CPU
		{3311B8FB-16B0-48D8-B3D1-A7EAA28CD536}.Debug|iPhone.Build.0 = Debug|Any CPU
		{3311B8FB-16B0-48D8-B3D1-A7EAA28CD536}.Debug|iPhoneSimulator.ActiveCfg = Debug|Any CPU
		{3311B8FB-16B0-48D8-B3D1-A7EAA28CD536}.Debug|iPhoneSimulator.Build.0 = Debug|Any CPU
		{3311B8FB-16B0-48D8-B3D1-A7EAA28CD536}.Debug|x64.ActiveCfg = Debug|Any CPU
		{3311B8FB-16B0-48D8-B3D1-A7EAA28CD536}.Debug|x64.Build.0 = Debug|Any CPU
		{3311B8FB-16B0-48D8-B3D1-A7EAA28CD536}.Debug|x86.ActiveCfg = Debug|Any CPU
		{3311B8FB-16B0-48D8-B3D1-A7EAA28CD536}.Debug|x86.Build.0 = Debug|Any CPU
		{3311B8FB-16B0-48D8-B3D1-A7EAA28CD536}.Release|Any CPU.ActiveCfg = Release|Any CPU
		{3311B8FB-16B0-48D8-B3D1-A7EAA28CD536}.Release|Any CPU.Build.0 = Release|Any CPU
		{3311B8FB-16B0-48D8-B3D1-A7EAA28CD536}.Release|ARM.ActiveCfg = Release|Any CPU
		{3311B8FB-16B0-48D8-B3D1-A7EAA28CD536}.Release|ARM.Build.0 = Release|Any CPU
		{3311B8FB-16B0-48D8-B3D1-A7EAA28CD536}.Release|iPhone.ActiveCfg = Release|Any CPU
		{3311B8FB-16B0-48D8-B3D1-A7EAA28CD536}.Release|iPhone.Build.0 = Release|Any CPU
		{3311B8FB-16B0-48D8-B3D1-A7EAA28CD536}.Release|iPhoneSimulator.ActiveCfg = Release|Any CPU
		{3311B8FB-16B0-48D8-B3D1-A7EAA28CD536}.Release|iPhoneSimulator.Build.0 = Release|Any CPU
		{3311B8FB-16B0-48D8-B3D1-A7EAA28CD536}.Release|x64.ActiveCfg = Release|Any CPU
		{3311B8FB-16B0-48D8-B3D1-A7EAA28CD536}.Release|x64.Build.0 = Release|Any CPU
		{3311B8FB-16B0-48D8-B3D1-A7EAA28CD536}.Release|x86.ActiveCfg = Release|Any CPU
		{3311B8FB-16B0-48D8-B3D1-A7EAA28CD536}.Release|x86.Build.0 = Release|Any CPU
	EndGlobalSection
	GlobalSection(SolutionProperties) = preSolution
		HideSolutionNode = FALSE
	EndGlobalSection
EndGlobal
