
Microsoft Visual Studio Solution File, Format Version 12.00
# Visual Studio 14
VisualStudioVersion = 14.0.25123.0
MinimumVisualStudioVersion = 10.0.40219.1
Project("{FAE04EC0-301F-11D3-BF4B-00C04F79EFBC}") = "CarouselTest.Droid", "CarouselTest\CarouselTest.Droid\CarouselTest.Droid.csproj", "{3E819BF4-7E06-4E96-82BF-A1E1559C2B19}"
EndProject
Project("{FAE04EC0-301F-11D3-BF4B-00C04F79EFBC}") = "CarouselTest.iOS", "CarouselTest\CarouselTest.iOS\CarouselTest.iOS.csproj", "{AB5B836A-ECF2-49C9-AE2C-873A9E408BCE}"
EndProject
Project("{FAE04EC0-301F-11D3-BF4B-00C04F79EFBC}") = "CarouselTest.WinPhone", "CarouselTest\CarouselTest.WinPhone\CarouselTest.WinPhone.csproj", "{CC010326-438D-4CBF-BBCD-1B499A3F53D6}"
EndProject
Project("{FAE04EC0-301F-11D3-BF4B-00C04F79EFBC}") = "CarouselTest.Windows", "CarouselTest\CarouselTest.Windows\CarouselTest.Windows.csproj", "{8431CED6-13FE-4A6F-8B33-BE9DDDF848CD}"
EndProject
Project("{FAE04EC0-301F-11D3-BF4B-00C04F79EFBC}") = "CarouselTest", "CarouselTest\CarouselTest\CarouselTest.csproj", "{3B4418CC-1DA5-46E4-88A3-768CFE89818F}"
EndProject
Global
	GlobalSection(SolutionConfigurationPlatforms) = preSolution
		Ad-Hoc|Any CPU = Ad-Hoc|Any CPU
		Ad-Hoc|ARM = Ad-Hoc|ARM
		Ad-Hoc|iPhone = Ad-Hoc|iPhone
		Ad-Hoc|iPhoneSimulator = Ad-Hoc|iPhoneSimulator
		Ad-Hoc|x64 = Ad-Hoc|x64
		Ad-Hoc|x86 = Ad-Hoc|x86
		AppStore|Any CPU = AppStore|Any CPU
		AppStore|ARM = AppStore|ARM
		AppStore|iPhone = AppStore|iPhone
		AppStore|iPhoneSimulator = AppStore|iPhoneSimulator
		AppStore|x64 = AppStore|x64
		AppStore|x86 = AppStore|x86
		Debug|Any CPU = Debug|Any CPU
		Debug|ARM = Debug|ARM
		Debug|iPhone = Debug|iPhone
		Debug|iPhoneSimulator = Debug|iPhoneSimulator
		Debug|x64 = Debug|x64
		Debug|x86 = Debug|x86
		Release|Any CPU = Release|Any CPU
		Release|ARM = Release|ARM
		Release|iPhone = Release|iPhone
		Release|iPhoneSimulator = Release|iPhoneSimulator
		Release|x64 = Release|x64
		Release|x86 = Release|x86
	EndGlobalSection
	GlobalSection(ProjectConfigurationPlatforms) = postSolution
		{3E819BF4-7E06-4E96-82BF-A1E1559C2B19}.Ad-Hoc|Any CPU.ActiveCfg = Release|Any CPU
		{3E819BF4-7E06-4E96-82BF-A1E1559C2B19}.Ad-Hoc|Any CPU.Build.0 = Release|Any CPU
		{3E819BF4-7E06-4E96-82BF-A1E1559C2B19}.Ad-Hoc|Any CPU.Deploy.0 = Release|Any CPU
		{3E819BF4-7E06-4E96-82BF-A1E1559C2B19}.Ad-Hoc|ARM.ActiveCfg = Release|Any CPU
		{3E819BF4-7E06-4E96-82BF-A1E1559C2B19}.Ad-Hoc|ARM.Build.0 = Release|Any CPU
		{3E819BF4-7E06-4E96-82BF-A1E1559C2B19}.Ad-Hoc|ARM.Deploy.0 = Release|Any CPU
		{3E819BF4-7E06-4E96-82BF-A1E1559C2B19}.Ad-Hoc|iPhone.ActiveCfg = Release|Any CPU
		{3E819BF4-7E06-4E96-82BF-A1E1559C2B19}.Ad-Hoc|iPhone.Build.0 = Release|Any CPU
		{3E819BF4-7E06-4E96-82BF-A1E1559C2B19}.Ad-Hoc|iPhone.Deploy.0 = Release|Any CPU
		{3E819BF4-7E06-4E96-82BF-A1E1559C2B19}.Ad-Hoc|iPhoneSimulator.ActiveCfg = Release|Any CPU
		{3E819BF4-7E06-4E96-82BF-A1E1559C2B19}.Ad-Hoc|iPhoneSimulator.Build.0 = Release|Any CPU
		{3E819BF4-7E06-4E96-82BF-A1E1559C2B19}.Ad-Hoc|iPhoneSimulator.Deploy.0 = Release|Any CPU
		{3E819BF4-7E06-4E96-82BF-A1E1559C2B19}.Ad-Hoc|x64.ActiveCfg = Release|Any CPU
		{3E819BF4-7E06-4E96-82BF-A1E1559C2B19}.Ad-Hoc|x64.Build.0 = Release|Any CPU
		{3E819BF4-7E06-4E96-82BF-A1E1559C2B19}.Ad-Hoc|x64.Deploy.0 = Release|Any CPU
		{3E819BF4-7E06-4E96-82BF-A1E1559C2B19}.Ad-Hoc|x86.ActiveCfg = Release|Any CPU
		{3E819BF4-7E06-4E96-82BF-A1E1559C2B19}.Ad-Hoc|x86.Build.0 = Release|Any CPU
		{3E819BF4-7E06-4E96-82BF-A1E1559C2B19}.Ad-Hoc|x86.Deploy.0 = Release|Any CPU
		{3E819BF4-7E06-4E96-82BF-A1E1559C2B19}.AppStore|Any CPU.ActiveCfg = Release|Any CPU
		{3E819BF4-7E06-4E96-82BF-A1E1559C2B19}.AppStore|Any CPU.Build.0 = Release|Any CPU
		{3E819BF4-7E06-4E96-82BF-A1E1559C2B19}.AppStore|Any CPU.Deploy.0 = Release|Any CPU
		{3E819BF4-7E06-4E96-82BF-A1E1559C2B19}.AppStore|ARM.ActiveCfg = Release|Any CPU
		{3E819BF4-7E06-4E96-82BF-A1E1559C2B19}.AppStore|ARM.Build.0 = Release|Any CPU
		{3E819BF4-7E06-4E96-82BF-A1E1559C2B19}.AppStore|ARM.Deploy.0 = Release|Any CPU
		{3E819BF4-7E06-4E96-82BF-A1E1559C2B19}.AppStore|iPhone.ActiveCfg = Release|Any CPU
		{3E819BF4-7E06-4E96-82BF-A1E1559C2B19}.AppStore|iPhone.Build.0 = Release|Any CPU
		{3E819BF4-7E06-4E96-82BF-A1E1559C2B19}.AppStore|iPhone.Deploy.0 = Release|Any CPU
		{3E819BF4-7E06-4E96-82BF-A1E1559C2B19}.AppStore|iPhoneSimulator.ActiveCfg = Release|Any CPU
		{3E819BF4-7E06-4E96-82BF-A1E1559C2B19}.AppStore|iPhoneSimulator.Build.0 = Release|Any CPU
		{3E819BF4-7E06-4E96-82BF-A1E1559C2B19}.AppStore|iPhoneSimulator.Deploy.0 = Release|Any CPU
		{3E819BF4-7E06-4E96-82BF-A1E1559C2B19}.AppStore|x64.ActiveCfg = Release|Any CPU
		{3E819BF4-7E06-4E96-82BF-A1E1559C2B19}.AppStore|x64.Build.0 = Release|Any CPU
		{3E819BF4-7E06-4E96-82BF-A1E1559C2B19}.AppStore|x64.Deploy.0 = Release|Any CPU
		{3E819BF4-7E06-4E96-82BF-A1E1559C2B19}.AppStore|x86.ActiveCfg = Release|Any CPU
		{3E819BF4-7E06-4E96-82BF-A1E1559C2B19}.AppStore|x86.Build.0 = Release|Any CPU
		{3E819BF4-7E06-4E96-82BF-A1E1559C2B19}.AppStore|x86.Deploy.0 = Release|Any CPU
		{3E819BF4-7E06-4E96-82BF-A1E1559C2B19}.Debug|Any CPU.ActiveCfg = Debug|Any CPU
		{3E819BF4-7E06-4E96-82BF-A1E1559C2B19}.Debug|Any CPU.Build.0 = Debug|Any CPU
		{3E819BF4-7E06-4E96-82BF-A1E1559C2B19}.Debug|Any CPU.Deploy.0 = Debug|Any CPU
		{3E819BF4-7E06-4E96-82BF-A1E1559C2B19}.Debug|ARM.ActiveCfg = Debug|Any CPU
		{3E819BF4-7E06-4E96-82BF-A1E1559C2B19}.Debug|ARM.Build.0 = Debug|Any CPU
		{3E819BF4-7E06-4E96-82BF-A1E1559C2B19}.Debug|ARM.Deploy.0 = Debug|Any CPU
		{3E819BF4-7E06-4E96-82BF-A1E1559C2B19}.Debug|iPhone.ActiveCfg = Debug|Any CPU
		{3E819BF4-7E06-4E96-82BF-A1E1559C2B19}.Debug|iPhone.Build.0 = Debug|Any CPU
		{3E819BF4-7E06-4E96-82BF-A1E1559C2B19}.Debug|iPhone.Deploy.0 = Debug|Any CPU
		{3E819BF4-7E06-4E96-82BF-A1E1559C2B19}.Debug|iPhoneSimulator.ActiveCfg = Debug|Any CPU
		{3E819BF4-7E06-4E96-82BF-A1E1559C2B19}.Debug|iPhoneSimulator.Build.0 = Debug|Any CPU
		{3E819BF4-7E06-4E96-82BF-A1E1559C2B19}.Debug|iPhoneSimulator.Deploy.0 = Debug|Any CPU
		{3E819BF4-7E06-4E96-82BF-A1E1559C2B19}.Debug|x64.ActiveCfg = Debug|Any CPU
		{3E819BF4-7E06-4E96-82BF-A1E1559C2B19}.Debug|x64.Build.0 = Debug|Any CPU
		{3E819BF4-7E06-4E96-82BF-A1E1559C2B19}.Debug|x64.Deploy.0 = Debug|Any CPU
		{3E819BF4-7E06-4E96-82BF-A1E1559C2B19}.Debug|x86.ActiveCfg = Debug|Any CPU
		{3E819BF4-7E06-4E96-82BF-A1E1559C2B19}.Debug|x86.Build.0 = Debug|Any CPU
		{3E819BF4-7E06-4E96-82BF-A1E1559C2B19}.Debug|x86.Deploy.0 = Debug|Any CPU
		{3E819BF4-7E06-4E96-82BF-A1E1559C2B19}.Release|Any CPU.ActiveCfg = Release|Any CPU
		{3E819BF4-7E06-4E96-82BF-A1E1559C2B19}.Release|Any CPU.Build.0 = Release|Any CPU
		{3E819BF4-7E06-4E96-82BF-A1E1559C2B19}.Release|Any CPU.Deploy.0 = Release|Any CPU
		{3E819BF4-7E06-4E96-82BF-A1E1559C2B19}.Release|ARM.ActiveCfg = Release|Any CPU
		{3E819BF4-7E06-4E96-82BF-A1E1559C2B19}.Release|ARM.Build.0 = Release|Any CPU
		{3E819BF4-7E06-4E96-82BF-A1E1559C2B19}.Release|ARM.Deploy.0 = Release|Any CPU
		{3E819BF4-7E06-4E96-82BF-A1E1559C2B19}.Release|iPhone.ActiveCfg = Release|Any CPU
		{3E819BF4-7E06-4E96-82BF-A1E1559C2B19}.Release|iPhone.Build.0 = Release|Any CPU
		{3E819BF4-7E06-4E96-82BF-A1E1559C2B19}.Release|iPhone.Deploy.0 = Release|Any CPU
		{3E819BF4-7E06-4E96-82BF-A1E1559C2B19}.Release|iPhoneSimulator.ActiveCfg = Release|Any CPU
		{3E819BF4-7E06-4E96-82BF-A1E1559C2B19}.Release|iPhoneSimulator.Build.0 = Release|Any CPU
		{3E819BF4-7E06-4E96-82BF-A1E1559C2B19}.Release|iPhoneSimulator.Deploy.0 = Release|Any CPU
		{3E819BF4-7E06-4E96-82BF-A1E1559C2B19}.Release|x64.ActiveCfg = Release|Any CPU
		{3E819BF4-7E06-4E96-82BF-A1E1559C2B19}.Release|x64.Build.0 = Release|Any CPU
		{3E819BF4-7E06-4E96-82BF-A1E1559C2B19}.Release|x64.Deploy.0 = Release|Any CPU
		{3E819BF4-7E06-4E96-82BF-A1E1559C2B19}.Release|x86.ActiveCfg = Release|Any CPU
		{3E819BF4-7E06-4E96-82BF-A1E1559C2B19}.Release|x86.Build.0 = Release|Any CPU
		{3E819BF4-7E06-4E96-82BF-A1E1559C2B19}.Release|x86.Deploy.0 = Release|Any CPU
		{AB5B836A-ECF2-49C9-AE2C-873A9E408BCE}.Ad-Hoc|Any CPU.ActiveCfg = Ad-Hoc|iPhone
		{AB5B836A-ECF2-49C9-AE2C-873A9E408BCE}.Ad-Hoc|ARM.ActiveCfg = Ad-Hoc|iPhone
		{AB5B836A-ECF2-49C9-AE2C-873A9E408BCE}.Ad-Hoc|iPhone.ActiveCfg = Ad-Hoc|iPhone
		{AB5B836A-ECF2-49C9-AE2C-873A9E408BCE}.Ad-Hoc|iPhone.Build.0 = Ad-Hoc|iPhone
		{AB5B836A-ECF2-49C9-AE2C-873A9E408BCE}.Ad-Hoc|iPhoneSimulator.ActiveCfg = Ad-Hoc|iPhoneSimulator
		{AB5B836A-ECF2-49C9-AE2C-873A9E408BCE}.Ad-Hoc|iPhoneSimulator.Build.0 = Ad-Hoc|iPhoneSimulator
		{AB5B836A-ECF2-49C9-AE2C-873A9E408BCE}.Ad-Hoc|x64.ActiveCfg = Ad-Hoc|iPhone
		{AB5B836A-ECF2-49C9-AE2C-873A9E408BCE}.Ad-Hoc|x86.ActiveCfg = Ad-Hoc|iPhone
		{AB5B836A-ECF2-49C9-AE2C-873A9E408BCE}.AppStore|Any CPU.ActiveCfg = AppStore|iPhone
		{AB5B836A-ECF2-49C9-AE2C-873A9E408BCE}.AppStore|ARM.ActiveCfg = AppStore|iPhone
		{AB5B836A-ECF2-49C9-AE2C-873A9E408BCE}.AppStore|iPhone.ActiveCfg = AppStore|iPhone
		{AB5B836A-ECF2-49C9-AE2C-873A9E408BCE}.AppStore|iPhone.Build.0 = AppStore|iPhone
		{AB5B836A-ECF2-49C9-AE2C-873A9E408BCE}.AppStore|iPhoneSimulator.ActiveCfg = AppStore|iPhoneSimulator
		{AB5B836A-ECF2-49C9-AE2C-873A9E408BCE}.AppStore|iPhoneSimulator.Build.0 = AppStore|iPhoneSimulator
		{AB5B836A-ECF2-49C9-AE2C-873A9E408BCE}.AppStore|x64.ActiveCfg = AppStore|iPhone
		{AB5B836A-ECF2-49C9-AE2C-873A9E408BCE}.AppStore|x86.ActiveCfg = AppStore|iPhone
		{AB5B836A-ECF2-49C9-AE2C-873A9E408BCE}.Debug|Any CPU.ActiveCfg = Debug|iPhone
		{AB5B836A-ECF2-49C9-AE2C-873A9E408BCE}.Debug|ARM.ActiveCfg = Debug|iPhone
		{AB5B836A-ECF2-49C9-AE2C-873A9E408BCE}.Debug|iPhone.ActiveCfg = Debug|iPhone
		{AB5B836A-ECF2-49C9-AE2C-873A9E408BCE}.Debug|iPhone.Build.0 = Debug|iPhone
		{AB5B836A-ECF2-49C9-AE2C-873A9E408BCE}.Debug|iPhoneSimulator.ActiveCfg = Debug|iPhoneSimulator
		{AB5B836A-ECF2-49C9-AE2C-873A9E408BCE}.Debug|iPhoneSimulator.Build.0 = Debug|iPhoneSimulator
		{AB5B836A-ECF2-49C9-AE2C-873A9E408BCE}.Debug|x64.ActiveCfg = Debug|iPhone
		{AB5B836A-ECF2-49C9-AE2C-873A9E408BCE}.Debug|x86.ActiveCfg = Debug|iPhone
		{AB5B836A-ECF2-49C9-AE2C-873A9E408BCE}.Release|Any CPU.ActiveCfg = Release|iPhone
		{AB5B836A-ECF2-49C9-AE2C-873A9E408BCE}.Release|ARM.ActiveCfg = Release|iPhone
		{AB5B836A-ECF2-49C9-AE2C-873A9E408BCE}.Release|iPhone.ActiveCfg = Release|iPhone
		{AB5B836A-ECF2-49C9-AE2C-873A9E408BCE}.Release|iPhone.Build.0 = Release|iPhone
		{AB5B836A-ECF2-49C9-AE2C-873A9E408BCE}.Release|iPhoneSimulator.ActiveCfg = Release|iPhoneSimulator
		{AB5B836A-ECF2-49C9-AE2C-873A9E408BCE}.Release|iPhoneSimulator.Build.0 = Release|iPhoneSimulator
		{AB5B836A-ECF2-49C9-AE2C-873A9E408BCE}.Release|x64.ActiveCfg = Release|iPhone
		{AB5B836A-ECF2-49C9-AE2C-873A9E408BCE}.Release|x86.ActiveCfg = Release|iPhone
		{CC010326-438D-4CBF-BBCD-1B499A3F53D6}.Ad-Hoc|Any CPU.ActiveCfg = Release|Any CPU
		{CC010326-438D-4CBF-BBCD-1B499A3F53D6}.Ad-Hoc|Any CPU.Build.0 = Release|Any CPU
		{CC010326-438D-4CBF-BBCD-1B499A3F53D6}.Ad-Hoc|Any CPU.Deploy.0 = Release|Any CPU
		{CC010326-438D-4CBF-BBCD-1B499A3F53D6}.Ad-Hoc|ARM.ActiveCfg = Release|ARM
		{CC010326-438D-4CBF-BBCD-1B499A3F53D6}.Ad-Hoc|ARM.Build.0 = Release|ARM
		{CC010326-438D-4CBF-BBCD-1B499A3F53D6}.Ad-Hoc|ARM.Deploy.0 = Release|ARM
		{CC010326-438D-4CBF-BBCD-1B499A3F53D6}.Ad-Hoc|iPhone.ActiveCfg = Release|Any CPU
		{CC010326-438D-4CBF-BBCD-1B499A3F53D6}.Ad-Hoc|iPhone.Build.0 = Release|Any CPU
		{CC010326-438D-4CBF-BBCD-1B499A3F53D6}.Ad-Hoc|iPhone.Deploy.0 = Release|Any CPU
		{CC010326-438D-4CBF-BBCD-1B499A3F53D6}.Ad-Hoc|iPhoneSimulator.ActiveCfg = Release|Any CPU
		{CC010326-438D-4CBF-BBCD-1B499A3F53D6}.Ad-Hoc|iPhoneSimulator.Build.0 = Release|Any CPU
		{CC010326-438D-4CBF-BBCD-1B499A3F53D6}.Ad-Hoc|iPhoneSimulator.Deploy.0 = Release|Any CPU
		{CC010326-438D-4CBF-BBCD-1B499A3F53D6}.Ad-Hoc|x64.ActiveCfg = Release|Any CPU
		{CC010326-438D-4CBF-BBCD-1B499A3F53D6}.Ad-Hoc|x64.Build.0 = Release|Any CPU
		{CC010326-438D-4CBF-BBCD-1B499A3F53D6}.Ad-Hoc|x64.Deploy.0 = Release|Any CPU
		{CC010326-438D-4CBF-BBCD-1B499A3F53D6}.Ad-Hoc|x86.ActiveCfg = Release|x86
		{CC010326-438D-4CBF-BBCD-1B499A3F53D6}.Ad-Hoc|x86.Build.0 = Release|x86
		{CC010326-438D-4CBF-BBCD-1B499A3F53D6}.Ad-Hoc|x86.Deploy.0 = Release|x86
		{CC010326-438D-4CBF-BBCD-1B499A3F53D6}.AppStore|Any CPU.ActiveCfg = Release|Any CPU
		{CC010326-438D-4CBF-BBCD-1B499A3F53D6}.AppStore|Any CPU.Build.0 = Release|Any CPU
		{CC010326-438D-4CBF-BBCD-1B499A3F53D6}.AppStore|Any CPU.Deploy.0 = Release|Any CPU
		{CC010326-438D-4CBF-BBCD-1B499A3F53D6}.AppStore|ARM.ActiveCfg = Release|ARM
		{CC010326-438D-4CBF-BBCD-1B499A3F53D6}.AppStore|ARM.Build.0 = Release|ARM
		{CC010326-438D-4CBF-BBCD-1B499A3F53D6}.AppStore|ARM.Deploy.0 = Release|ARM
		{CC010326-438D-4CBF-BBCD-1B499A3F53D6}.AppStore|iPhone.ActiveCfg = Release|Any CPU
		{CC010326-438D-4CBF-BBCD-1B499A3F53D6}.AppStore|iPhone.Build.0 = Release|Any CPU
		{CC010326-438D-4CBF-BBCD-1B499A3F53D6}.AppStore|iPhone.Deploy.0 = Release|Any CPU
		{CC010326-438D-4CBF-BBCD-1B499A3F53D6}.AppStore|iPhoneSimulator.ActiveCfg = Release|Any CPU
		{CC010326-438D-4CBF-BBCD-1B499A3F53D6}.AppStore|iPhoneSimulator.Build.0 = Release|Any CPU
		{CC010326-438D-4CBF-BBCD-1B499A3F53D6}.AppStore|iPhoneSimulator.Deploy.0 = Release|Any CPU
		{CC010326-438D-4CBF-BBCD-1B499A3F53D6}.AppStore|x64.ActiveCfg = Release|Any CPU
		{CC010326-438D-4CBF-BBCD-1B499A3F53D6}.AppStore|x64.Build.0 = Release|Any CPU
		{CC010326-438D-4CBF-BBCD-1B499A3F53D6}.AppStore|x64.Deploy.0 = Release|Any CPU
		{CC010326-438D-4CBF-BBCD-1B499A3F53D6}.AppStore|x86.ActiveCfg = Release|x86
		{CC010326-438D-4CBF-BBCD-1B499A3F53D6}.AppStore|x86.Build.0 = Release|x86
		{CC010326-438D-4CBF-BBCD-1B499A3F53D6}.AppStore|x86.Deploy.0 = Release|x86
		{CC010326-438D-4CBF-BBCD-1B499A3F53D6}.Debug|Any CPU.ActiveCfg = Debug|Any CPU
		{CC010326-438D-4CBF-BBCD-1B499A3F53D6}.Debug|Any CPU.Build.0 = Debug|Any CPU
		{CC010326-438D-4CBF-BBCD-1B499A3F53D6}.Debug|Any CPU.Deploy.0 = Debug|Any CPU
		{CC010326-438D-4CBF-BBCD-1B499A3F53D6}.Debug|ARM.ActiveCfg = Debug|ARM
		{CC010326-438D-4CBF-BBCD-1B499A3F53D6}.Debug|ARM.Build.0 = Debug|ARM
		{CC010326-438D-4CBF-BBCD-1B499A3F53D6}.Debug|ARM.Deploy.0 = Debug|ARM
		{CC010326-438D-4CBF-BBCD-1B499A3F53D6}.Debug|iPhone.ActiveCfg = Debug|Any CPU
		{CC010326-438D-4CBF-BBCD-1B499A3F53D6}.Debug|iPhone.Build.0 = Debug|Any CPU
		{CC010326-438D-4CBF-BBCD-1B499A3F53D6}.Debug|iPhone.Deploy.0 = Debug|Any CPU
		{CC010326-438D-4CBF-BBCD-1B499A3F53D6}.Debug|iPhoneSimulator.ActiveCfg = Debug|Any CPU
		{CC010326-438D-4CBF-BBCD-1B499A3F53D6}.Debug|iPhoneSimulator.Build.0 = Debug|Any CPU
		{CC010326-438D-4CBF-BBCD-1B499A3F53D6}.Debug|iPhoneSimulator.Deploy.0 = Debug|Any CPU
		{CC010326-438D-4CBF-BBCD-1B499A3F53D6}.Debug|x64.ActiveCfg = Debug|Any CPU
		{CC010326-438D-4CBF-BBCD-1B499A3F53D6}.Debug|x64.Build.0 = Debug|Any CPU
		{CC010326-438D-4CBF-BBCD-1B499A3F53D6}.Debug|x64.Deploy.0 = Debug|Any CPU
		{CC010326-438D-4CBF-BBCD-1B499A3F53D6}.Debug|x86.ActiveCfg = Debug|x86
		{CC010326-438D-4CBF-BBCD-1B499A3F53D6}.Debug|x86.Build.0 = Debug|x86
		{CC010326-438D-4CBF-BBCD-1B499A3F53D6}.Debug|x86.Deploy.0 = Debug|x86
		{CC010326-438D-4CBF-BBCD-1B499A3F53D6}.Release|Any CPU.ActiveCfg = Release|Any CPU
		{CC010326-438D-4CBF-BBCD-1B499A3F53D6}.Release|Any CPU.Build.0 = Release|Any CPU
		{CC010326-438D-4CBF-BBCD-1B499A3F53D6}.Release|Any CPU.Deploy.0 = Release|Any CPU
		{CC010326-438D-4CBF-BBCD-1B499A3F53D6}.Release|ARM.ActiveCfg = Release|ARM
		{CC010326-438D-4CBF-BBCD-1B499A3F53D6}.Release|ARM.Build.0 = Release|ARM
		{CC010326-438D-4CBF-BBCD-1B499A3F53D6}.Release|ARM.Deploy.0 = Release|ARM
		{CC010326-438D-4CBF-BBCD-1B499A3F53D6}.Release|iPhone.ActiveCfg = Release|Any CPU
		{CC010326-438D-4CBF-BBCD-1B499A3F53D6}.Release|iPhone.Build.0 = Release|Any CPU
		{CC010326-438D-4CBF-BBCD-1B499A3F53D6}.Release|iPhone.Deploy.0 = Release|Any CPU
		{CC010326-438D-4CBF-BBCD-1B499A3F53D6}.Release|iPhoneSimulator.ActiveCfg = Release|Any CPU
		{CC010326-438D-4CBF-BBCD-1B499A3F53D6}.Release|iPhoneSimulator.Build.0 = Release|Any CPU
		{CC010326-438D-4CBF-BBCD-1B499A3F53D6}.Release|iPhoneSimulator.Deploy.0 = Release|Any CPU
		{CC010326-438D-4CBF-BBCD-1B499A3F53D6}.Release|x64.ActiveCfg = Release|Any CPU
		{CC010326-438D-4CBF-BBCD-1B499A3F53D6}.Release|x64.Build.0 = Release|Any CPU
		{CC010326-438D-4CBF-BBCD-1B499A3F53D6}.Release|x64.Deploy.0 = Release|Any CPU
		{CC010326-438D-4CBF-BBCD-1B499A3F53D6}.Release|x86.ActiveCfg = Release|x86
		{CC010326-438D-4CBF-BBCD-1B499A3F53D6}.Release|x86.Build.0 = Release|x86
		{CC010326-438D-4CBF-BBCD-1B499A3F53D6}.Release|x86.Deploy.0 = Release|x86
		{8431CED6-13FE-4A6F-8B33-BE9DDDF848CD}.Ad-Hoc|Any CPU.ActiveCfg = Release|Any CPU
		{8431CED6-13FE-4A6F-8B33-BE9DDDF848CD}.Ad-Hoc|Any CPU.Build.0 = Release|Any CPU
		{8431CED6-13FE-4A6F-8B33-BE9DDDF848CD}.Ad-Hoc|Any CPU.Deploy.0 = Release|Any CPU
		{8431CED6-13FE-4A6F-8B33-BE9DDDF848CD}.Ad-Hoc|ARM.ActiveCfg = Release|ARM
		{8431CED6-13FE-4A6F-8B33-BE9DDDF848CD}.Ad-Hoc|ARM.Build.0 = Release|ARM
		{8431CED6-13FE-4A6F-8B33-BE9DDDF848CD}.Ad-Hoc|ARM.Deploy.0 = Release|ARM
		{8431CED6-13FE-4A6F-8B33-BE9DDDF848CD}.Ad-Hoc|iPhone.ActiveCfg = Release|Any CPU
		{8431CED6-13FE-4A6F-8B33-BE9DDDF848CD}.Ad-Hoc|iPhone.Build.0 = Release|Any CPU
		{8431CED6-13FE-4A6F-8B33-BE9DDDF848CD}.Ad-Hoc|iPhone.Deploy.0 = Release|Any CPU
		{8431CED6-13FE-4A6F-8B33-BE9DDDF848CD}.Ad-Hoc|iPhoneSimulator.ActiveCfg = Release|Any CPU
		{8431CED6-13FE-4A6F-8B33-BE9DDDF848CD}.Ad-Hoc|iPhoneSimulator.Build.0 = Release|Any CPU
		{8431CED6-13FE-4A6F-8B33-BE9DDDF848CD}.Ad-Hoc|iPhoneSimulator.Deploy.0 = Release|Any CPU
		{8431CED6-13FE-4A6F-8B33-BE9DDDF848CD}.Ad-Hoc|x64.ActiveCfg = Release|x64
		{8431CED6-13FE-4A6F-8B33-BE9DDDF848CD}.Ad-Hoc|x64.Build.0 = Release|x64
		{8431CED6-13FE-4A6F-8B33-BE9DDDF848CD}.Ad-Hoc|x64.Deploy.0 = Release|x64
		{8431CED6-13FE-4A6F-8B33-BE9DDDF848CD}.Ad-Hoc|x86.ActiveCfg = Release|x86
		{8431CED6-13FE-4A6F-8B33-BE9DDDF848CD}.Ad-Hoc|x86.Build.0 = Release|x86
		{8431CED6-13FE-4A6F-8B33-BE9DDDF848CD}.Ad-Hoc|x86.Deploy.0 = Release|x86
		{8431CED6-13FE-4A6F-8B33-BE9DDDF848CD}.AppStore|Any CPU.ActiveCfg = Release|Any CPU
		{8431CED6-13FE-4A6F-8B33-BE9DDDF848CD}.AppStore|Any CPU.Build.0 = Release|Any CPU
		{8431CED6-13FE-4A6F-8B33-BE9DDDF848CD}.AppStore|Any CPU.Deploy.0 = Release|Any CPU
		{8431CED6-13FE-4A6F-8B33-BE9DDDF848CD}.AppStore|ARM.ActiveCfg = Release|ARM
		{8431CED6-13FE-4A6F-8B33-BE9DDDF848CD}.AppStore|ARM.Build.0 = Release|ARM
		{8431CED6-13FE-4A6F-8B33-BE9DDDF848CD}.AppStore|ARM.Deploy.0 = Release|ARM
		{8431CED6-13FE-4A6F-8B33-BE9DDDF848CD}.AppStore|iPhone.ActiveCfg = Release|Any CPU
		{8431CED6-13FE-4A6F-8B33-BE9DDDF848CD}.AppStore|iPhone.Build.0 = Release|Any CPU
		{8431CED6-13FE-4A6F-8B33-BE9DDDF848CD}.AppStore|iPhone.Deploy.0 = Release|Any CPU
		{8431CED6-13FE-4A6F-8B33-BE9DDDF848CD}.AppStore|iPhoneSimulator.ActiveCfg = Release|Any CPU
		{8431CED6-13FE-4A6F-8B33-BE9DDDF848CD}.AppStore|iPhoneSimulator.Build.0 = Release|Any CPU
		{8431CED6-13FE-4A6F-8B33-BE9DDDF848CD}.AppStore|iPhoneSimulator.Deploy.0 = Release|Any CPU
		{8431CED6-13FE-4A6F-8B33-BE9DDDF848CD}.AppStore|x64.ActiveCfg = Release|x64
		{8431CED6-13FE-4A6F-8B33-BE9DDDF848CD}.AppStore|x64.Build.0 = Release|x64
		{8431CED6-13FE-4A6F-8B33-BE9DDDF848CD}.AppStore|x64.Deploy.0 = Release|x64
		{8431CED6-13FE-4A6F-8B33-BE9DDDF848CD}.AppStore|x86.ActiveCfg = Release|x86
		{8431CED6-13FE-4A6F-8B33-BE9DDDF848CD}.AppStore|x86.Build.0 = Release|x86
		{8431CED6-13FE-4A6F-8B33-BE9DDDF848CD}.AppStore|x86.Deploy.0 = Release|x86
		{8431CED6-13FE-4A6F-8B33-BE9DDDF848CD}.Debug|Any CPU.ActiveCfg = Debug|Any CPU
		{8431CED6-13FE-4A6F-8B33-BE9DDDF848CD}.Debug|Any CPU.Build.0 = Debug|Any CPU
		{8431CED6-13FE-4A6F-8B33-BE9DDDF848CD}.Debug|Any CPU.Deploy.0 = Debug|Any CPU
		{8431CED6-13FE-4A6F-8B33-BE9DDDF848CD}.Debug|ARM.ActiveCfg = Debug|ARM
		{8431CED6-13FE-4A6F-8B33-BE9DDDF848CD}.Debug|ARM.Build.0 = Debug|ARM
		{8431CED6-13FE-4A6F-8B33-BE9DDDF848CD}.Debug|ARM.Deploy.0 = Debug|ARM
		{8431CED6-13FE-4A6F-8B33-BE9DDDF848CD}.Debug|iPhone.ActiveCfg = Debug|Any CPU
		{8431CED6-13FE-4A6F-8B33-BE9DDDF848CD}.Debug|iPhone.Build.0 = Debug|Any CPU
		{8431CED6-13FE-4A6F-8B33-BE9DDDF848CD}.Debug|iPhone.Deploy.0 = Debug|Any CPU
		{8431CED6-13FE-4A6F-8B33-BE9DDDF848CD}.Debug|iPhoneSimulator.ActiveCfg = Debug|Any CPU
		{8431CED6-13FE-4A6F-8B33-BE9DDDF848CD}.Debug|iPhoneSimulator.Build.0 = Debug|Any CPU
		{8431CED6-13FE-4A6F-8B33-BE9DDDF848CD}.Debug|iPhoneSimulator.Deploy.0 = Debug|Any CPU
		{8431CED6-13FE-4A6F-8B33-BE9DDDF848CD}.Debug|x64.ActiveCfg = Debug|x64
		{8431CED6-13FE-4A6F-8B33-BE9DDDF848CD}.Debug|x64.Build.0 = Debug|x64
		{8431CED6-13FE-4A6F-8B33-BE9DDDF848CD}.Debug|x64.Deploy.0 = Debug|x64
		{8431CED6-13FE-4A6F-8B33-BE9DDDF848CD}.Debug|x86.ActiveCfg = Debug|x86
		{8431CED6-13FE-4A6F-8B33-BE9DDDF848CD}.Debug|x86.Build.0 = Debug|x86
		{8431CED6-13FE-4A6F-8B33-BE9DDDF848CD}.Debug|x86.Deploy.0 = Debug|x86
		{8431CED6-13FE-4A6F-8B33-BE9DDDF848CD}.Release|Any CPU.ActiveCfg = Release|Any CPU
		{8431CED6-13FE-4A6F-8B33-BE9DDDF848CD}.Release|Any CPU.Build.0 = Release|Any CPU
		{8431CED6-13FE-4A6F-8B33-BE9DDDF848CD}.Release|Any CPU.Deploy.0 = Release|Any CPU
		{8431CED6-13FE-4A6F-8B33-BE9DDDF848CD}.Release|ARM.ActiveCfg = Release|ARM
		{8431CED6-13FE-4A6F-8B33-BE9DDDF848CD}.Release|ARM.Build.0 = Release|ARM
		{8431CED6-13FE-4A6F-8B33-BE9DDDF848CD}.Release|ARM.Deploy.0 = Release|ARM
		{8431CED6-13FE-4A6F-8B33-BE9DDDF848CD}.Release|iPhone.ActiveCfg = Release|Any CPU
		{8431CED6-13FE-4A6F-8B33-BE9DDDF848CD}.Release|iPhone.Build.0 = Release|Any CPU
		{8431CED6-13FE-4A6F-8B33-BE9DDDF848CD}.Release|iPhone.Deploy.0 = Release|Any CPU
		{8431CED6-13FE-4A6F-8B33-BE9DDDF848CD}.Release|iPhoneSimulator.ActiveCfg = Release|Any CPU
		{8431CED6-13FE-4A6F-8B33-BE9DDDF848CD}.Release|iPhoneSimulator.Build.0 = Release|Any CPU
		{8431CED6-13FE-4A6F-8B33-BE9DDDF848CD}.Release|iPhoneSimulator.Deploy.0 = Release|Any CPU
		{8431CED6-13FE-4A6F-8B33-BE9DDDF848CD}.Release|x64.ActiveCfg = Release|x64
		{8431CED6-13FE-4A6F-8B33-BE9DDDF848CD}.Release|x64.Build.0 = Release|x64
		{8431CED6-13FE-4A6F-8B33-BE9DDDF848CD}.Release|x64.Deploy.0 = Release|x64
		{8431CED6-13FE-4A6F-8B33-BE9DDDF848CD}.Release|x86.ActiveCfg = Release|x86
		{8431CED6-13FE-4A6F-8B33-BE9DDDF848CD}.Release|x86.Build.0 = Release|x86
		{8431CED6-13FE-4A6F-8B33-BE9DDDF848CD}.Release|x86.Deploy.0 = Release|x86
		{3B4418CC-1DA5-46E4-88A3-768CFE89818F}.Ad-Hoc|Any CPU.ActiveCfg = Release|Any CPU
		{3B4418CC-1DA5-46E4-88A3-768CFE89818F}.Ad-Hoc|Any CPU.Build.0 = Release|Any CPU
		{3B4418CC-1DA5-46E4-88A3-768CFE89818F}.Ad-Hoc|ARM.ActiveCfg = Release|Any CPU
		{3B4418CC-1DA5-46E4-88A3-768CFE89818F}.Ad-Hoc|ARM.Build.0 = Release|Any CPU
		{3B4418CC-1DA5-46E4-88A3-768CFE89818F}.Ad-Hoc|iPhone.ActiveCfg = Release|Any CPU
		{3B4418CC-1DA5-46E4-88A3-768CFE89818F}.Ad-Hoc|iPhone.Build.0 = Release|Any CPU
		{3B4418CC-1DA5-46E4-88A3-768CFE89818F}.Ad-Hoc|iPhoneSimulator.ActiveCfg = Release|Any CPU
		{3B4418CC-1DA5-46E4-88A3-768CFE89818F}.Ad-Hoc|iPhoneSimulator.Build.0 = Release|Any CPU
		{3B4418CC-1DA5-46E4-88A3-768CFE89818F}.Ad-Hoc|x64.ActiveCfg = Release|Any CPU
		{3B4418CC-1DA5-46E4-88A3-768CFE89818F}.Ad-Hoc|x64.Build.0 = Release|Any CPU
		{3B4418CC-1DA5-46E4-88A3-768CFE89818F}.Ad-Hoc|x86.ActiveCfg = Release|Any CPU
		{3B4418CC-1DA5-46E4-88A3-768CFE89818F}.Ad-Hoc|x86.Build.0 = Release|Any CPU
		{3B4418CC-1DA5-46E4-88A3-768CFE89818F}.AppStore|Any CPU.ActiveCfg = Release|Any CPU
		{3B4418CC-1DA5-46E4-88A3-768CFE89818F}.AppStore|Any CPU.Build.0 = Release|Any CPU
		{3B4418CC-1DA5-46E4-88A3-768CFE89818F}.AppStore|ARM.ActiveCfg = Release|Any CPU
		{3B4418CC-1DA5-46E4-88A3-768CFE89818F}.AppStore|ARM.Build.0 = Release|Any CPU
		{3B4418CC-1DA5-46E4-88A3-768CFE89818F}.AppStore|iPhone.ActiveCfg = Release|Any CPU
		{3B4418CC-1DA5-46E4-88A3-768CFE89818F}.AppStore|iPhone.Build.0 = Release|Any CPU
		{3B4418CC-1DA5-46E4-88A3-768CFE89818F}.AppStore|iPhoneSimulator.ActiveCfg = Release|Any CPU
		{3B4418CC-1DA5-46E4-88A3-768CFE89818F}.AppStore|iPhoneSimulator.Build.0 = Release|Any CPU
		{3B4418CC-1DA5-46E4-88A3-768CFE89818F}.AppStore|x64.ActiveCfg = Release|Any CPU
		{3B4418CC-1DA5-46E4-88A3-768CFE89818F}.AppStore|x64.Build.0 = Release|Any CPU
		{3B4418CC-1DA5-46E4-88A3-768CFE89818F}.AppStore|x86.ActiveCfg = Release|Any CPU
		{3B4418CC-1DA5-46E4-88A3-768CFE89818F}.AppStore|x86.Build.0 = Release|Any CPU
		{3B4418CC-1DA5-46E4-88A3-768CFE89818F}.Debug|Any CPU.ActiveCfg = Debug|Any CPU
		{3B4418CC-1DA5-46E4-88A3-768CFE89818F}.Debug|Any CPU.Build.0 = Debug|Any CPU
		{3B4418CC-1DA5-46E4-88A3-768CFE89818F}.Debug|ARM.ActiveCfg = Debug|Any CPU
		{3B4418CC-1DA5-46E4-88A3-768CFE89818F}.Debug|ARM.Build.0 = Debug|Any CPU
		{3B4418CC-1DA5-46E4-88A3-768CFE89818F}.Debug|iPhone.ActiveCfg = Debug|Any CPU
		{3B4418CC-1DA5-46E4-88A3-768CFE89818F}.Debug|iPhone.Build.0 = Debug|Any CPU
		{3B4418CC-1DA5-46E4-88A3-768CFE89818F}.Debug|iPhoneSimulator.ActiveCfg = Debug|Any CPU
		{3B4418CC-1DA5-46E4-88A3-768CFE89818F}.Debug|iPhoneSimulator.Build.0 = Debug|Any CPU
		{3B4418CC-1DA5-46E4-88A3-768CFE89818F}.Debug|x64.ActiveCfg = Debug|Any CPU
		{3B4418CC-1DA5-46E4-88A3-768CFE89818F}.Debug|x64.Build.0 = Debug|Any CPU
		{3B4418CC-1DA5-46E4-88A3-768CFE89818F}.Debug|x86.ActiveCfg = Debug|Any CPU
		{3B4418CC-1DA5-46E4-88A3-768CFE89818F}.Debug|x86.Build.0 = Debug|Any CPU
		{3B4418CC-1DA5-46E4-88A3-768CFE89818F}.Release|Any CPU.ActiveCfg = Release|Any CPU
		{3B4418CC-1DA5-46E4-88A3-768CFE89818F}.Release|Any CPU.Build.0 = Release|Any CPU
		{3B4418CC-1DA5-46E4-88A3-768CFE89818F}.Release|ARM.ActiveCfg = Release|Any CPU
		{3B4418CC-1DA5-46E4-88A3-768CFE89818F}.Release|ARM.Build.0 = Release|Any CPU
		{3B4418CC-1DA5-46E4-88A3-768CFE89818F}.Release|iPhone.ActiveCfg = Release|Any CPU
		{3B4418CC-1DA5-46E4-88A3-768CFE89818F}.Release|iPhone.Build.0 = Release|Any CPU
		{3B4418CC-1DA5-46E4-88A3-768CFE89818F}.Release|iPhoneSimulator.ActiveCfg = Release|Any CPU
		{3B4418CC-1DA5-46E4-88A3-768CFE89818F}.Release|iPhoneSimulator.Build.0 = Release|Any CPU
		{3B4418CC-1DA5-46E4-88A3-768CFE89818F}.Release|x64.ActiveCfg = Release|Any CPU
		{3B4418CC-1DA5-46E4-88A3-768CFE89818F}.Release|x64.Build.0 = Release|Any CPU
		{3B4418CC-1DA5-46E4-88A3-768CFE89818F}.Release|x86.ActiveCfg = Release|Any CPU
		{3B4418CC-1DA5-46E4-88A3-768CFE89818F}.Release|x86.Build.0 = Release|Any CPU
	EndGlobalSection
	GlobalSection(SolutionProperties) = preSolution
		HideSolutionNode = FALSE
	EndGlobalSection
EndGlobal
